// !$*UTF8*$!
{
	archiveVersion = 1;
	classes = {
	};
	objectVersion = 56;
	objects = {

/* Begin PBXBuildFile section */
		0A0988132B98AAB700F9E8C4 /* TrackDetailSection.swift in Sources */ = {isa = PBXBuildFile; fileRef = 0A0988122B98AAB700F9E8C4 /* TrackDetailSection.swift */; };
		0A0988152B98B2C700F9E8C4 /* CalendarSection.swift in Sources */ = {isa = PBXBuildFile; fileRef = 0A0988142B98B2C700F9E8C4 /* CalendarSection.swift */; };
		0A1723432B73D4A600A4CBD8 /* AppDelegate.swift in Sources */ = {isa = PBXBuildFile; fileRef = 0A1723422B73D4A600A4CBD8 /* AppDelegate.swift */; };
		0A1723452B73D4A600A4CBD8 /* SceneDelegate.swift in Sources */ = {isa = PBXBuildFile; fileRef = 0A1723442B73D4A600A4CBD8 /* SceneDelegate.swift */; };
		0A1723472B73D4A600A4CBD8 /* ViewController.swift in Sources */ = {isa = PBXBuildFile; fileRef = 0A1723462B73D4A600A4CBD8 /* ViewController.swift */; };
		0A17234A2B73D4A600A4CBD8 /* Main.storyboard in Resources */ = {isa = PBXBuildFile; fileRef = 0A1723482B73D4A600A4CBD8 /* Main.storyboard */; };
		0A17234C2B73D4A700A4CBD8 /* Assets.xcassets in Resources */ = {isa = PBXBuildFile; fileRef = 0A17234B2B73D4A700A4CBD8 /* Assets.xcassets */; };
		0A17234F2B73D4A700A4CBD8 /* LaunchScreen.storyboard in Resources */ = {isa = PBXBuildFile; fileRef = 0A17234D2B73D4A700A4CBD8 /* LaunchScreen.storyboard */; };
		0A89CA082B8E1B8C0024B2A3 /* ListDriverViewController.swift in Sources */ = {isa = PBXBuildFile; fileRef = 0A89CA072B8E1B8C0024B2A3 /* ListDriverViewController.swift */; };
		0A89CA0A2B8F7DA00024B2A3 /* DriverTableViewCell.swift in Sources */ = {isa = PBXBuildFile; fileRef = 0A89CA092B8F7DA00024B2A3 /* DriverTableViewCell.swift */; };
		0ABC83DB2B7E5E0C000A09EE /* DetailRaceViewController.swift in Sources */ = {isa = PBXBuildFile; fileRef = 0ABC83DA2B7E5E0C000A09EE /* DetailRaceViewController.swift */; };
		0ABC84272B80BCE2000A09EE /* 46.png in Resources */ = {isa = PBXBuildFile; fileRef = 0ABC840F2B80BCE2000A09EE /* 46.png */; };
		0ABC84282B80BCE2000A09EE /* 22.png in Resources */ = {isa = PBXBuildFile; fileRef = 0ABC84102B80BCE2000A09EE /* 22.png */; };
		0ABC84292B80BCE2000A09EE /* 150.png in Resources */ = {isa = PBXBuildFile; fileRef = 0ABC84112B80BCE2000A09EE /* 150.png */; };
		0ABC842A2B80BCE2000A09EE /* 9.png in Resources */ = {isa = PBXBuildFile; fileRef = 0ABC84122B80BCE2000A09EE /* 9.png */; };
		0ABC842B2B80BCE2000A09EE /* 61.png in Resources */ = {isa = PBXBuildFile; fileRef = 0ABC84132B80BCE2000A09EE /* 61.png */; };
		0ABC842C2B80BCE2000A09EE /* red_bull_ring.png in Resources */ = {isa = PBXBuildFile; fileRef = 0ABC84142B80BCE2000A09EE /* red_bull_ring.png */; };
		0ABC842D2B80BCE2000A09EE /* 4.png in Resources */ = {isa = PBXBuildFile; fileRef = 0ABC84152B80BCE2000A09EE /* 4.png */; };
		0ABC842E2B80BCE2000A09EE /* shanghai.png in Resources */ = {isa = PBXBuildFile; fileRef = 0ABC84162B80BCE2000A09EE /* shanghai.png */; };
		0ABC842F2B80BCE2000A09EE /* 15.png in Resources */ = {isa = PBXBuildFile; fileRef = 0ABC84172B80BCE2000A09EE /* 15.png */; };
		0ABC84302B80BCE2000A09EE /* 2.png in Resources */ = {isa = PBXBuildFile; fileRef = 0ABC84182B80BCE2000A09EE /* 2.png */; };
		0ABC84312B80BCE2000A09EE /* 55.png in Resources */ = {isa = PBXBuildFile; fileRef = 0ABC84192B80BCE2000A09EE /* 55.png */; };
		0ABC84322B80BCE2000A09EE /* 23.png in Resources */ = {isa = PBXBuildFile; fileRef = 0ABC841A2B80BCE2000A09EE /* 23.png */; };
		0ABC84332B80BCE2000A09EE /* 151.png in Resources */ = {isa = PBXBuildFile; fileRef = 0ABC841B2B80BCE2000A09EE /* 151.png */; };
		0ABC84342B80BCE2000A09EE /* imola.png in Resources */ = {isa = PBXBuildFile; fileRef = 0ABC841C2B80BCE2000A09EE /* imola.png */; };
		0ABC84352B80BCE2000A09EE /* 14.png in Resources */ = {isa = PBXBuildFile; fileRef = 0ABC841D2B80BCE2000A09EE /* 14.png */; };
		0ABC84362B80BCE2000A09EE /* 63.png in Resources */ = {isa = PBXBuildFile; fileRef = 0ABC841E2B80BCE2000A09EE /* 63.png */; };
		0ABC84372B80BCE2000A09EE /* 70.png in Resources */ = {isa = PBXBuildFile; fileRef = 0ABC841F2B80BCE2000A09EE /* 70.png */; };
		0ABC84382B80BCE2000A09EE /* 7.png in Resources */ = {isa = PBXBuildFile; fileRef = 0ABC84202B80BCE2000A09EE /* 7.png */; };
		0ABC84392B80BCE2000A09EE /* 10.png in Resources */ = {isa = PBXBuildFile; fileRef = 0ABC84212B80BCE2000A09EE /* 10.png */; };
		0ABC843A2B80BCE2000A09EE /* 149.png in Resources */ = {isa = PBXBuildFile; fileRef = 0ABC84222B80BCE2000A09EE /* 149.png */; };
		0ABC843B2B80BCE2000A09EE /* 144.png in Resources */ = {isa = PBXBuildFile; fileRef = 0ABC84232B80BCE2000A09EE /* 144.png */; };
		0ABC843C2B80BCE2000A09EE /* 65.png in Resources */ = {isa = PBXBuildFile; fileRef = 0ABC84242B80BCE2000A09EE /* 65.png */; };
		0ABC843D2B80BCE2000A09EE /* 39.png in Resources */ = {isa = PBXBuildFile; fileRef = 0ABC84252B80BCE2000A09EE /* 39.png */; };
		0ABC843E2B80BCE2000A09EE /* 152.png in Resources */ = {isa = PBXBuildFile; fileRef = 0ABC84262B80BCE2000A09EE /* 152.png */; };
		0AD4D9F82B9099E400A86BD3 /* anonymous.png in Resources */ = {isa = PBXBuildFile; fileRef = 0AD4D9F72B9099E400A86BD3 /* anonymous.png */; };
		0AD4D9FB2B90B67600A86BD3 /* FormulaOneDataModel.xcdatamodeld in Sources */ = {isa = PBXBuildFile; fileRef = 0AD4D9F92B90B67600A86BD3 /* FormulaOneDataModel.xcdatamodeld */; };
		672E2029175FE201DA045A51 /* Pods_formulaone.framework in Frameworks */ = {isa = PBXBuildFile; fileRef = 563F4186EC41F4A35549DB11 /* Pods_formulaone.framework */; };
/* End PBXBuildFile section */

/* Begin PBXFileReference section */
		0A0988122B98AAB700F9E8C4 /* TrackDetailSection.swift */ = {isa = PBXFileReference; lastKnownFileType = sourcecode.swift; path = TrackDetailSection.swift; sourceTree = "<group>"; };
		0A0988142B98B2C700F9E8C4 /* CalendarSection.swift */ = {isa = PBXFileReference; lastKnownFileType = sourcecode.swift; path = CalendarSection.swift; sourceTree = "<group>"; };
		0A17233F2B73D4A600A4CBD8 /* formulaone.app */ = {isa = PBXFileReference; explicitFileType = wrapper.application; includeInIndex = 0; path = formulaone.app; sourceTree = BUILT_PRODUCTS_DIR; };
		0A1723422B73D4A600A4CBD8 /* AppDelegate.swift */ = {isa = PBXFileReference; lastKnownFileType = sourcecode.swift; path = AppDelegate.swift; sourceTree = "<group>"; };
		0A1723442B73D4A600A4CBD8 /* SceneDelegate.swift */ = {isa = PBXFileReference; lastKnownFileType = sourcecode.swift; path = SceneDelegate.swift; sourceTree = "<group>"; };
		0A1723462B73D4A600A4CBD8 /* ViewController.swift */ = {isa = PBXFileReference; lastKnownFileType = sourcecode.swift; path = ViewController.swift; sourceTree = "<group>"; };
		0A1723492B73D4A600A4CBD8 /* Base */ = {isa = PBXFileReference; lastKnownFileType = file.storyboard; name = Base; path = Base.lproj/Main.storyboard; sourceTree = "<group>"; };
		0A17234B2B73D4A700A4CBD8 /* Assets.xcassets */ = {isa = PBXFileReference; lastKnownFileType = folder.assetcatalog; path = Assets.xcassets; sourceTree = "<group>"; };
		0A17234E2B73D4A700A4CBD8 /* Base */ = {isa = PBXFileReference; lastKnownFileType = file.storyboard; name = Base; path = Base.lproj/LaunchScreen.storyboard; sourceTree = "<group>"; };
		0A1723502B73D4A700A4CBD8 /* Info.plist */ = {isa = PBXFileReference; lastKnownFileType = text.plist.xml; path = Info.plist; sourceTree = "<group>"; };
		0A89CA072B8E1B8C0024B2A3 /* ListDriverViewController.swift */ = {isa = PBXFileReference; lastKnownFileType = sourcecode.swift; path = ListDriverViewController.swift; sourceTree = "<group>"; };
		0A89CA092B8F7DA00024B2A3 /* DriverTableViewCell.swift */ = {isa = PBXFileReference; lastKnownFileType = sourcecode.swift; path = DriverTableViewCell.swift; sourceTree = "<group>"; };
		0ABC83DA2B7E5E0C000A09EE /* DetailRaceViewController.swift */ = {isa = PBXFileReference; lastKnownFileType = sourcecode.swift; path = DetailRaceViewController.swift; sourceTree = "<group>"; };
		0ABC840F2B80BCE2000A09EE /* 46.png */ = {isa = PBXFileReference; lastKnownFileType = image.png; path = 46.png; sourceTree = "<group>"; };
		0ABC84102B80BCE2000A09EE /* 22.png */ = {isa = PBXFileReference; lastKnownFileType = image.png; path = 22.png; sourceTree = "<group>"; };
		0ABC84112B80BCE2000A09EE /* 150.png */ = {isa = PBXFileReference; lastKnownFileType = image.png; path = 150.png; sourceTree = "<group>"; };
		0ABC84122B80BCE2000A09EE /* 9.png */ = {isa = PBXFileReference; lastKnownFileType = image.png; path = 9.png; sourceTree = "<group>"; };
		0ABC84132B80BCE2000A09EE /* 61.png */ = {isa = PBXFileReference; lastKnownFileType = image.png; path = 61.png; sourceTree = "<group>"; };
		0ABC84142B80BCE2000A09EE /* red_bull_ring.png */ = {isa = PBXFileReference; lastKnownFileType = image.png; path = red_bull_ring.png; sourceTree = "<group>"; };
		0ABC84152B80BCE2000A09EE /* 4.png */ = {isa = PBXFileReference; lastKnownFileType = image.png; path = 4.png; sourceTree = "<group>"; };
		0ABC84162B80BCE2000A09EE /* shanghai.png */ = {isa = PBXFileReference; lastKnownFileType = image.png; path = shanghai.png; sourceTree = "<group>"; };
		0ABC84172B80BCE2000A09EE /* 15.png */ = {isa = PBXFileReference; lastKnownFileType = image.png; path = 15.png; sourceTree = "<group>"; };
		0ABC84182B80BCE2000A09EE /* 2.png */ = {isa = PBXFileReference; lastKnownFileType = image.png; path = 2.png; sourceTree = "<group>"; };
		0ABC84192B80BCE2000A09EE /* 55.png */ = {isa = PBXFileReference; lastKnownFileType = image.png; path = 55.png; sourceTree = "<group>"; };
		0ABC841A2B80BCE2000A09EE /* 23.png */ = {isa = PBXFileReference; lastKnownFileType = image.png; path = 23.png; sourceTree = "<group>"; };
		0ABC841B2B80BCE2000A09EE /* 151.png */ = {isa = PBXFileReference; lastKnownFileType = image.png; path = 151.png; sourceTree = "<group>"; };
		0ABC841C2B80BCE2000A09EE /* imola.png */ = {isa = PBXFileReference; lastKnownFileType = image.png; path = imola.png; sourceTree = "<group>"; };
		0ABC841D2B80BCE2000A09EE /* 14.png */ = {isa = PBXFileReference; lastKnownFileType = image.png; path = 14.png; sourceTree = "<group>"; };
		0ABC841E2B80BCE2000A09EE /* 63.png */ = {isa = PBXFileReference; lastKnownFileType = image.png; path = 63.png; sourceTree = "<group>"; };
		0ABC841F2B80BCE2000A09EE /* 70.png */ = {isa = PBXFileReference; lastKnownFileType = image.png; path = 70.png; sourceTree = "<group>"; };
		0ABC84202B80BCE2000A09EE /* 7.png */ = {isa = PBXFileReference; lastKnownFileType = image.png; path = 7.png; sourceTree = "<group>"; };
		0ABC84212B80BCE2000A09EE /* 10.png */ = {isa = PBXFileReference; lastKnownFileType = image.png; path = 10.png; sourceTree = "<group>"; };
		0ABC84222B80BCE2000A09EE /* 149.png */ = {isa = PBXFileReference; lastKnownFileType = image.png; path = 149.png; sourceTree = "<group>"; };
		0ABC84232B80BCE2000A09EE /* 144.png */ = {isa = PBXFileReference; lastKnownFileType = image.png; path = 144.png; sourceTree = "<group>"; };
		0ABC84242B80BCE2000A09EE /* 65.png */ = {isa = PBXFileReference; lastKnownFileType = image.png; path = 65.png; sourceTree = "<group>"; };
		0ABC84252B80BCE2000A09EE /* 39.png */ = {isa = PBXFileReference; lastKnownFileType = image.png; path = 39.png; sourceTree = "<group>"; };
		0ABC84262B80BCE2000A09EE /* 152.png */ = {isa = PBXFileReference; lastKnownFileType = image.png; name = 152.png; path = "../../../../../Downloads/px-conversions (1)/152.png"; sourceTree = "<group>"; };
		0AD4D9F72B9099E400A86BD3 /* anonymous.png */ = {isa = PBXFileReference; lastKnownFileType = image.png; path = anonymous.png; sourceTree = "<group>"; };
		0AD4D9FA2B90B67600A86BD3 /* FormulaOneDataModel.xcdatamodel */ = {isa = PBXFileReference; lastKnownFileType = wrapper.xcdatamodel; path = FormulaOneDataModel.xcdatamodel; sourceTree = "<group>"; };
		563F4186EC41F4A35549DB11 /* Pods_formulaone.framework */ = {isa = PBXFileReference; explicitFileType = wrapper.framework; includeInIndex = 0; path = Pods_formulaone.framework; sourceTree = BUILT_PRODUCTS_DIR; };
		B1F2150252526470892B7624 /* Pods-formulaone.debug.xcconfig */ = {isa = PBXFileReference; includeInIndex = 1; lastKnownFileType = text.xcconfig; name = "Pods-formulaone.debug.xcconfig"; path = "Target Support Files/Pods-formulaone/Pods-formulaone.debug.xcconfig"; sourceTree = "<group>"; };
		D1AF2AC784BF0FE357E374D4 /* Pods-formulaone.release.xcconfig */ = {isa = PBXFileReference; includeInIndex = 1; lastKnownFileType = text.xcconfig; name = "Pods-formulaone.release.xcconfig"; path = "Target Support Files/Pods-formulaone/Pods-formulaone.release.xcconfig"; sourceTree = "<group>"; };
/* End PBXFileReference section */

/* Begin PBXFrameworksBuildPhase section */
		0A17233C2B73D4A600A4CBD8 /* Frameworks */ = {
			isa = PBXFrameworksBuildPhase;
			buildActionMask = 2147483647;
			files = (
				672E2029175FE201DA045A51 /* Pods_formulaone.framework in Frameworks */,
			);
			runOnlyForDeploymentPostprocessing = 0;
		};
/* End PBXFrameworksBuildPhase section */

/* Begin PBXGroup section */
		0A1723362B73D4A600A4CBD8 = {
			isa = PBXGroup;
			children = (
				0A1723412B73D4A600A4CBD8 /* formulaone */,
				0A1723402B73D4A600A4CBD8 /* Products */,
				E5059982E991418449C55408 /* Pods */,
				71744C6D12EF9D7C9988CE98 /* Frameworks */,
			);
			sourceTree = "<group>";
		};
		0A1723402B73D4A600A4CBD8 /* Products */ = {
			isa = PBXGroup;
			children = (
				0A17233F2B73D4A600A4CBD8 /* formulaone.app */,
			);
			name = Products;
			sourceTree = "<group>";
		};
		0A1723412B73D4A600A4CBD8 /* formulaone */ = {
			isa = PBXGroup;
			children = (
				0AD4D9F72B9099E400A86BD3 /* anonymous.png */,
				0A1723422B73D4A600A4CBD8 /* AppDelegate.swift */,
				0A1723442B73D4A600A4CBD8 /* SceneDelegate.swift */,
				0A1723462B73D4A600A4CBD8 /* ViewController.swift */,
				0ABC83DA2B7E5E0C000A09EE /* DetailRaceViewController.swift */,
				0A0988142B98B2C700F9E8C4 /* CalendarSection.swift */,
				0A1723482B73D4A600A4CBD8 /* Main.storyboard */,
				0A0988122B98AAB700F9E8C4 /* TrackDetailSection.swift */,
				0A17234B2B73D4A700A4CBD8 /* Assets.xcassets */,
				0A17234D2B73D4A700A4CBD8 /* LaunchScreen.storyboard */,
				0AD4D9F92B90B67600A86BD3 /* FormulaOneDataModel.xcdatamodeld */,
				0A1723502B73D4A700A4CBD8 /* Info.plist */,
				0ABC83DC2B7EA9FD000A09EE /* tracks */,
				0A89CA072B8E1B8C0024B2A3 /* ListDriverViewController.swift */,
				0A89CA092B8F7DA00024B2A3 /* DriverTableViewCell.swift */,
			);
			path = formulaone;
			sourceTree = "<group>";
		};
		0ABC83DC2B7EA9FD000A09EE /* tracks */ = {
			isa = PBXGroup;
			children = (
				0ABC84212B80BCE2000A09EE /* 10.png */,
				0ABC84122B80BCE2000A09EE /* 9.png */,
				0ABC841E2B80BCE2000A09EE /* 63.png */,
				0ABC84232B80BCE2000A09EE /* 144.png */,
				0ABC84172B80BCE2000A09EE /* 15.png */,
				0ABC84152B80BCE2000A09EE /* 4.png */,
				0ABC841C2B80BCE2000A09EE /* imola.png */,
				0ABC841D2B80BCE2000A09EE /* 14.png */,
				0ABC84222B80BCE2000A09EE /* 149.png */,
				0ABC84112B80BCE2000A09EE /* 150.png */,
				0ABC84132B80BCE2000A09EE /* 61.png */,
				0ABC841B2B80BCE2000A09EE /* 151.png */,
				0ABC84102B80BCE2000A09EE /* 22.png */,
				0ABC84252B80BCE2000A09EE /* 39.png */,
				0ABC84142B80BCE2000A09EE /* red_bull_ring.png */,
				0ABC84242B80BCE2000A09EE /* 65.png */,
				0ABC84162B80BCE2000A09EE /* shanghai.png */,
				0ABC84182B80BCE2000A09EE /* 2.png */,
				0ABC84202B80BCE2000A09EE /* 7.png */,
				0ABC840F2B80BCE2000A09EE /* 46.png */,
				0ABC84262B80BCE2000A09EE /* 152.png */,
				0ABC841A2B80BCE2000A09EE /* 23.png */,
				0ABC841F2B80BCE2000A09EE /* 70.png */,
				0ABC84192B80BCE2000A09EE /* 55.png */,
			);
			path = tracks;
			sourceTree = "<group>";
		};
		71744C6D12EF9D7C9988CE98 /* Frameworks */ = {
			isa = PBXGroup;
			children = (
				563F4186EC41F4A35549DB11 /* Pods_formulaone.framework */,
			);
			name = Frameworks;
			sourceTree = "<group>";
		};
		E5059982E991418449C55408 /* Pods */ = {
			isa = PBXGroup;
			children = (
				B1F2150252526470892B7624 /* Pods-formulaone.debug.xcconfig */,
				D1AF2AC784BF0FE357E374D4 /* Pods-formulaone.release.xcconfig */,
			);
			path = Pods;
			sourceTree = "<group>";
		};
/* End PBXGroup section */

/* Begin PBXNativeTarget section */
		0A17233E2B73D4A600A4CBD8 /* formulaone */ = {
			isa = PBXNativeTarget;
			buildConfigurationList = 0A1723532B73D4A700A4CBD8 /* Build configuration list for PBXNativeTarget "formulaone" */;
			buildPhases = (
				04A460CE7ACE95BAA2001A5B /* [CP] Check Pods Manifest.lock */,
				0A17233B2B73D4A600A4CBD8 /* Sources */,
				0A17233C2B73D4A600A4CBD8 /* Frameworks */,
				0A17233D2B73D4A600A4CBD8 /* Resources */,
				4A48D64C964EBF068A701376 /* [CP] Embed Pods Frameworks */,
			);
			buildRules = (
			);
			dependencies = (
			);
			name = formulaone;
			productName = formulaone;
			productReference = 0A17233F2B73D4A600A4CBD8 /* formulaone.app */;
			productType = "com.apple.product-type.application";
		};
/* End PBXNativeTarget section */

/* Begin PBXProject section */
		0A1723372B73D4A600A4CBD8 /* Project object */ = {
			isa = PBXProject;
			attributes = {
				BuildIndependentTargetsInParallel = 1;
				LastSwiftUpdateCheck = 1510;
				LastUpgradeCheck = 1510;
				TargetAttributes = {
					0A17233E2B73D4A600A4CBD8 = {
						CreatedOnToolsVersion = 15.1;
					};
				};
			};
			buildConfigurationList = 0A17233A2B73D4A600A4CBD8 /* Build configuration list for PBXProject "formulaone" */;
			compatibilityVersion = "Xcode 14.0";
			developmentRegion = en;
			hasScannedForEncodings = 0;
			knownRegions = (
				en,
				Base,
			);
			mainGroup = 0A1723362B73D4A600A4CBD8;
			productRefGroup = 0A1723402B73D4A600A4CBD8 /* Products */;
			projectDirPath = "";
			projectRoot = "";
			targets = (
				0A17233E2B73D4A600A4CBD8 /* formulaone */,
			);
		};
/* End PBXProject section */

/* Begin PBXResourcesBuildPhase section */
		0A17233D2B73D4A600A4CBD8 /* Resources */ = {
			isa = PBXResourcesBuildPhase;
			buildActionMask = 2147483647;
			files = (
				0ABC84272B80BCE2000A09EE /* 46.png in Resources */,
				0ABC84352B80BCE2000A09EE /* 14.png in Resources */,
				0ABC842A2B80BCE2000A09EE /* 9.png in Resources */,
				0ABC84392B80BCE2000A09EE /* 10.png in Resources */,
				0ABC842D2B80BCE2000A09EE /* 4.png in Resources */,
				0AD4D9F82B9099E400A86BD3 /* anonymous.png in Resources */,
				0ABC843D2B80BCE2000A09EE /* 39.png in Resources */,
				0ABC84292B80BCE2000A09EE /* 150.png in Resources */,
				0ABC84372B80BCE2000A09EE /* 70.png in Resources */,
				0A17234F2B73D4A700A4CBD8 /* LaunchScreen.storyboard in Resources */,
				0ABC84322B80BCE2000A09EE /* 23.png in Resources */,
				0ABC842B2B80BCE2000A09EE /* 61.png in Resources */,
				0ABC84282B80BCE2000A09EE /* 22.png in Resources */,
				0A17234C2B73D4A700A4CBD8 /* Assets.xcassets in Resources */,
				0ABC843E2B80BCE2000A09EE /* 152.png in Resources */,
				0ABC84332B80BCE2000A09EE /* 151.png in Resources */,
				0ABC84362B80BCE2000A09EE /* 63.png in Resources */,
				0ABC843B2B80BCE2000A09EE /* 144.png in Resources */,
				0ABC842E2B80BCE2000A09EE /* shanghai.png in Resources */,
				0ABC84302B80BCE2000A09EE /* 2.png in Resources */,
				0ABC843A2B80BCE2000A09EE /* 149.png in Resources */,
				0ABC842C2B80BCE2000A09EE /* red_bull_ring.png in Resources */,
				0ABC842F2B80BCE2000A09EE /* 15.png in Resources */,
				0A17234A2B73D4A600A4CBD8 /* Main.storyboard in Resources */,
				0ABC84382B80BCE2000A09EE /* 7.png in Resources */,
				0ABC84312B80BCE2000A09EE /* 55.png in Resources */,
				0ABC843C2B80BCE2000A09EE /* 65.png in Resources */,
				0ABC84342B80BCE2000A09EE /* imola.png in Resources */,
			);
			runOnlyForDeploymentPostprocessing = 0;
		};
/* End PBXResourcesBuildPhase section */

/* Begin PBXShellScriptBuildPhase section */
		04A460CE7ACE95BAA2001A5B /* [CP] Check Pods Manifest.lock */ = {
			isa = PBXShellScriptBuildPhase;
			buildActionMask = 2147483647;
			files = (
			);
			inputFileListPaths = (
			);
			inputPaths = (
				"${PODS_PODFILE_DIR_PATH}/Podfile.lock",
				"${PODS_ROOT}/Manifest.lock",
			);
			name = "[CP] Check Pods Manifest.lock";
			outputFileListPaths = (
			);
			outputPaths = (
				"$(DERIVED_FILE_DIR)/Pods-formulaone-checkManifestLockResult.txt",
			);
			runOnlyForDeploymentPostprocessing = 0;
			shellPath = /bin/sh;
			shellScript = "diff \"${PODS_PODFILE_DIR_PATH}/Podfile.lock\" \"${PODS_ROOT}/Manifest.lock\" > /dev/null\nif [ $? != 0 ] ; then\n    # print error to STDERR\n    echo \"error: The sandbox is not in sync with the Podfile.lock. Run 'pod install' or update your CocoaPods installation.\" >&2\n    exit 1\nfi\n# This output is used by Xcode 'outputs' to avoid re-running this script phase.\necho \"SUCCESS\" > \"${SCRIPT_OUTPUT_FILE_0}\"\n";
			showEnvVarsInLog = 0;
		};
		4A48D64C964EBF068A701376 /* [CP] Embed Pods Frameworks */ = {
			isa = PBXShellScriptBuildPhase;
			buildActionMask = 2147483647;
			files = (
			);
			inputFileListPaths = (
				"${PODS_ROOT}/Target Support Files/Pods-formulaone/Pods-formulaone-frameworks-${CONFIGURATION}-input-files.xcfilelist",
			);
			name = "[CP] Embed Pods Frameworks";
			outputFileListPaths = (
				"${PODS_ROOT}/Target Support Files/Pods-formulaone/Pods-formulaone-frameworks-${CONFIGURATION}-output-files.xcfilelist",
			);
			runOnlyForDeploymentPostprocessing = 0;
			shellPath = /bin/sh;
			shellScript = "\"${PODS_ROOT}/Target Support Files/Pods-formulaone/Pods-formulaone-frameworks.sh\"\n";
			showEnvVarsInLog = 0;
		};
/* End PBXShellScriptBuildPhase section */

/* Begin PBXSourcesBuildPhase section */
		0A17233B2B73D4A600A4CBD8 /* Sources */ = {
			isa = PBXSourcesBuildPhase;
			buildActionMask = 2147483647;
			files = (
				0A0988132B98AAB700F9E8C4 /* TrackDetailSection.swift in Sources */,
				0A1723472B73D4A600A4CBD8 /* ViewController.swift in Sources */,
				0A89CA0A2B8F7DA00024B2A3 /* DriverTableViewCell.swift in Sources */,
				0A0988152B98B2C700F9E8C4 /* CalendarSection.swift in Sources */,
				0A1723432B73D4A600A4CBD8 /* AppDelegate.swift in Sources */,
				0AD4D9FB2B90B67600A86BD3 /* FormulaOneDataModel.xcdatamodeld in Sources */,
				0ABC83DB2B7E5E0C000A09EE /* DetailRaceViewController.swift in Sources */,
				0A89CA082B8E1B8C0024B2A3 /* ListDriverViewController.swift in Sources */,
				0A1723452B73D4A600A4CBD8 /* SceneDelegate.swift in Sources */,
			);
			runOnlyForDeploymentPostprocessing = 0;
		};
/* End PBXSourcesBuildPhase section */

/* Begin PBXVariantGroup section */
		0A1723482B73D4A600A4CBD8 /* Main.storyboard */ = {
			isa = PBXVariantGroup;
			children = (
				0A1723492B73D4A600A4CBD8 /* Base */,
			);
			name = Main.storyboard;
			sourceTree = "<group>";
		};
		0A17234D2B73D4A700A4CBD8 /* LaunchScreen.storyboard */ = {
			isa = PBXVariantGroup;
			children = (
				0A17234E2B73D4A700A4CBD8 /* Base */,
			);
			name = LaunchScreen.storyboard;
			sourceTree = "<group>";
		};
/* End PBXVariantGroup section */

/* Begin XCBuildConfiguration section */
		0A1723512B73D4A700A4CBD8 /* Debug */ = {
			isa = XCBuildConfiguration;
			buildSettings = {
				ALWAYS_SEARCH_USER_PATHS = NO;
				ASSETCATALOG_COMPILER_GENERATE_SWIFT_ASSET_SYMBOL_EXTENSIONS = YES;
				CLANG_ANALYZER_NONNULL = YES;
				CLANG_ANALYZER_NUMBER_OBJECT_CONVERSION = YES_AGGRESSIVE;
				CLANG_CXX_LANGUAGE_STANDARD = "gnu++20";
				CLANG_ENABLE_MODULES = YES;
				CLANG_ENABLE_OBJC_ARC = YES;
				CLANG_ENABLE_OBJC_WEAK = YES;
				CLANG_WARN_BLOCK_CAPTURE_AUTORELEASING = YES;
				CLANG_WARN_BOOL_CONVERSION = YES;
				CLANG_WARN_COMMA = YES;
				CLANG_WARN_CONSTANT_CONVERSION = YES;
				CLANG_WARN_DEPRECATED_OBJC_IMPLEMENTATIONS = YES;
				CLANG_WARN_DIRECT_OBJC_ISA_USAGE = YES_ERROR;
				CLANG_WARN_DOCUMENTATION_COMMENTS = YES;
				CLANG_WARN_EMPTY_BODY = YES;
				CLANG_WARN_ENUM_CONVERSION = YES;
				CLANG_WARN_INFINITE_RECURSION = YES;
				CLANG_WARN_INT_CONVERSION = YES;
				CLANG_WARN_NON_LITERAL_NULL_CONVERSION = YES;
				CLANG_WARN_OBJC_IMPLICIT_RETAIN_SELF = YES;
				CLANG_WARN_OBJC_LITERAL_CONVERSION = YES;
				CLANG_WARN_OBJC_ROOT_CLASS = YES_ERROR;
				CLANG_WARN_QUOTED_INCLUDE_IN_FRAMEWORK_HEADER = YES;
				CLANG_WARN_RANGE_LOOP_ANALYSIS = YES;
				CLANG_WARN_STRICT_PROTOTYPES = YES;
				CLANG_WARN_SUSPICIOUS_MOVE = YES;
				CLANG_WARN_UNGUARDED_AVAILABILITY = YES_AGGRESSIVE;
				CLANG_WARN_UNREACHABLE_CODE = YES;
				CLANG_WARN__DUPLICATE_METHOD_MATCH = YES;
				COPY_PHASE_STRIP = NO;
				DEBUG_INFORMATION_FORMAT = dwarf;
				ENABLE_STRICT_OBJC_MSGSEND = YES;
				ENABLE_TESTABILITY = YES;
				ENABLE_USER_SCRIPT_SANDBOXING = NO;
				GCC_C_LANGUAGE_STANDARD = gnu17;
				GCC_DYNAMIC_NO_PIC = NO;
				GCC_NO_COMMON_BLOCKS = YES;
				GCC_OPTIMIZATION_LEVEL = 0;
				GCC_PREPROCESSOR_DEFINITIONS = (
					"DEBUG=1",
					"$(inherited)",
				);
				GCC_WARN_64_TO_32_BIT_CONVERSION = YES;
				GCC_WARN_ABOUT_RETURN_TYPE = YES_ERROR;
				GCC_WARN_UNDECLARED_SELECTOR = YES;
				GCC_WARN_UNINITIALIZED_AUTOS = YES_AGGRESSIVE;
				GCC_WARN_UNUSED_FUNCTION = YES;
				GCC_WARN_UNUSED_VARIABLE = YES;
				IPHONEOS_DEPLOYMENT_TARGET = 17.2;
				LOCALIZATION_PREFERS_STRING_CATALOGS = YES;
				MTL_ENABLE_DEBUG_INFO = INCLUDE_SOURCE;
				MTL_FAST_MATH = YES;
				ONLY_ACTIVE_ARCH = YES;
				SDKROOT = iphoneos;
				SWIFT_ACTIVE_COMPILATION_CONDITIONS = "DEBUG $(inherited)";
				SWIFT_OPTIMIZATION_LEVEL = "-Onone";
			};
			name = Debug;
		};
		0A1723522B73D4A700A4CBD8 /* Release */ = {
			isa = XCBuildConfiguration;
			buildSettings = {
				ALWAYS_SEARCH_USER_PATHS = NO;
				ASSETCATALOG_COMPILER_GENERATE_SWIFT_ASSET_SYMBOL_EXTENSIONS = YES;
				CLANG_ANALYZER_NONNULL = YES;
				CLANG_ANALYZER_NUMBER_OBJECT_CONVERSION = YES_AGGRESSIVE;
				CLANG_CXX_LANGUAGE_STANDARD = "gnu++20";
				CLANG_ENABLE_MODULES = YES;
				CLANG_ENABLE_OBJC_ARC = YES;
				CLANG_ENABLE_OBJC_WEAK = YES;
				CLANG_WARN_BLOCK_CAPTURE_AUTORELEASING = YES;
				CLANG_WARN_BOOL_CONVERSION = YES;
				CLANG_WARN_COMMA = YES;
				CLANG_WARN_CONSTANT_CONVERSION = YES;
				CLANG_WARN_DEPRECATED_OBJC_IMPLEMENTATIONS = YES;
				CLANG_WARN_DIRECT_OBJC_ISA_USAGE = YES_ERROR;
				CLANG_WARN_DOCUMENTATION_COMMENTS = YES;
				CLANG_WARN_EMPTY_BODY = YES;
				CLANG_WARN_ENUM_CONVERSION = YES;
				CLANG_WARN_INFINITE_RECURSION = YES;
				CLANG_WARN_INT_CONVERSION = YES;
				CLANG_WARN_NON_LITERAL_NULL_CONVERSION = YES;
				CLANG_WARN_OBJC_IMPLICIT_RETAIN_SELF = YES;
				CLANG_WARN_OBJC_LITERAL_CONVERSION = YES;
				CLANG_WARN_OBJC_ROOT_CLASS = YES_ERROR;
				CLANG_WARN_QUOTED_INCLUDE_IN_FRAMEWORK_HEADER = YES;
				CLANG_WARN_RANGE_LOOP_ANALYSIS = YES;
				CLANG_WARN_STRICT_PROTOTYPES = YES;
				CLANG_WARN_SUSPICIOUS_MOVE = YES;
				CLANG_WARN_UNGUARDED_AVAILABILITY = YES_AGGRESSIVE;
				CLANG_WARN_UNREACHABLE_CODE = YES;
				CLANG_WARN__DUPLICATE_METHOD_MATCH = YES;
				COPY_PHASE_STRIP = NO;
				DEBUG_INFORMATION_FORMAT = "dwarf-with-dsym";
				ENABLE_NS_ASSERTIONS = NO;
				ENABLE_STRICT_OBJC_MSGSEND = YES;
				ENABLE_USER_SCRIPT_SANDBOXING = NO;
				GCC_C_LANGUAGE_STANDARD = gnu17;
				GCC_NO_COMMON_BLOCKS = YES;
				GCC_WARN_64_TO_32_BIT_CONVERSION = YES;
				GCC_WARN_ABOUT_RETURN_TYPE = YES_ERROR;
				GCC_WARN_UNDECLARED_SELECTOR = YES;
				GCC_WARN_UNINITIALIZED_AUTOS = YES_AGGRESSIVE;
				GCC_WARN_UNUSED_FUNCTION = YES;
				GCC_WARN_UNUSED_VARIABLE = YES;
				IPHONEOS_DEPLOYMENT_TARGET = 17.2;
				LOCALIZATION_PREFERS_STRING_CATALOGS = YES;
				MTL_ENABLE_DEBUG_INFO = NO;
				MTL_FAST_MATH = YES;
				SDKROOT = iphoneos;
				SWIFT_COMPILATION_MODE = wholemodule;
				VALIDATE_PRODUCT = YES;
			};
			name = Release;
		};
		0A1723542B73D4A700A4CBD8 /* Debug */ = {
			isa = XCBuildConfiguration;
			baseConfigurationReference = B1F2150252526470892B7624 /* Pods-formulaone.debug.xcconfig */;
			buildSettings = {
				ALWAYS_EMBED_SWIFT_STANDARD_LIBRARIES = NO;
				ASSETCATALOG_COMPILER_APPICON_NAME = AppIcon;
				ASSETCATALOG_COMPILER_GLOBAL_ACCENT_COLOR_NAME = AccentColor;
				CODE_SIGN_STYLE = Automatic;
				CURRENT_PROJECT_VERSION = 1;
				DEVELOPMENT_TEAM = GWS94KUX6W;
				GENERATE_INFOPLIST_FILE = YES;
				INFOPLIST_FILE = formulaone/Info.plist;
				INFOPLIST_KEY_CFBundleDisplayName = "Track Rush";
				INFOPLIST_KEY_UIApplicationSupportsIndirectInputEvents = YES;
				INFOPLIST_KEY_UILaunchStoryboardName = LaunchScreen;
				INFOPLIST_KEY_UIMainStoryboardFile = Main;
				INFOPLIST_KEY_UISupportedInterfaceOrientations_iPad = "UIInterfaceOrientationPortrait UIInterfaceOrientationPortraitUpsideDown UIInterfaceOrientationLandscapeLeft UIInterfaceOrientationLandscapeRight";
				INFOPLIST_KEY_UISupportedInterfaceOrientations_iPhone = "UIInterfaceOrientationPortrait UIInterfaceOrientationLandscapeLeft UIInterfaceOrientationLandscapeRight";
				LD_RUNPATH_SEARCH_PATHS = (
					"$(inherited)",
					"@executable_path/Frameworks",
				);
				MARKETING_VERSION = 1.0;
				PRODUCT_BUNDLE_IDENTIFIER = com.vincentverges.formulaone;
				PRODUCT_NAME = "$(TARGET_NAME)";
				SWIFT_EMIT_LOC_STRINGS = YES;
				SWIFT_VERSION = 5.0;
				TARGETED_DEVICE_FAMILY = "1,2";
			};
			name = Debug;
		};
		0A1723552B73D4A700A4CBD8 /* Release */ = {
			isa = XCBuildConfiguration;
			baseConfigurationReference = D1AF2AC784BF0FE357E374D4 /* Pods-formulaone.release.xcconfig */;
			buildSettings = {
				ALWAYS_EMBED_SWIFT_STANDARD_LIBRARIES = NO;
				ASSETCATALOG_COMPILER_APPICON_NAME = AppIcon;
				ASSETCATALOG_COMPILER_GLOBAL_ACCENT_COLOR_NAME = AccentColor;
				CODE_SIGN_STYLE = Automatic;
				CURRENT_PROJECT_VERSION = 1;
				DEVELOPMENT_TEAM = GWS94KUX6W;
				GENERATE_INFOPLIST_FILE = YES;
				INFOPLIST_FILE = formulaone/Info.plist;
				INFOPLIST_KEY_CFBundleDisplayName = "Track Rush";
				INFOPLIST_KEY_UIApplicationSupportsIndirectInputEvents = YES;
				INFOPLIST_KEY_UILaunchStoryboardName = LaunchScreen;
				INFOPLIST_KEY_UIMainStoryboardFile = Main;
				INFOPLIST_KEY_UISupportedInterfaceOrientations_iPad = "UIInterfaceOrientationPortrait UIInterfaceOrientationPortraitUpsideDown UIInterfaceOrientationLandscapeLeft UIInterfaceOrientationLandscapeRight";
				INFOPLIST_KEY_UISupportedInterfaceOrientations_iPhone = "UIInterfaceOrientationPortrait UIInterfaceOrientationLandscapeLeft UIInterfaceOrientationLandscapeRight";
				LD_RUNPATH_SEARCH_PATHS = (
					"$(inherited)",
					"@executable_path/Frameworks",
				);
				MARKETING_VERSION = 1.0;
				PRODUCT_BUNDLE_IDENTIFIER = com.vincentverges.formulaone;
				PRODUCT_NAME = "$(TARGET_NAME)";
				SWIFT_EMIT_LOC_STRINGS = YES;
				SWIFT_VERSION = 5.0;
				TARGETED_DEVICE_FAMILY = "1,2";
			};
			name = Release;
		};
/* End XCBuildConfiguration section */

/* Begin XCConfigurationList section */
		0A17233A2B73D4A600A4CBD8 /* Build configuration list for PBXProject "formulaone" */ = {
			isa = XCConfigurationList;
			buildConfigurations = (
				0A1723512B73D4A700A4CBD8 /* Debug */,
				0A1723522B73D4A700A4CBD8 /* Release */,
			);
			defaultConfigurationIsVisible = 0;
			defaultConfigurationName = Release;
		};
		0A1723532B73D4A700A4CBD8 /* Build configuration list for PBXNativeTarget "formulaone" */ = {
			isa = XCConfigurationList;
			buildConfigurations = (
				0A1723542B73D4A700A4CBD8 /* Debug */,
				0A1723552B73D4A700A4CBD8 /* Release */,
			);
			defaultConfigurationIsVisible = 0;
			defaultConfigurationName = Release;
		};
/* End XCConfigurationList section */

/* Begin XCVersionGroup section */
		0AD4D9F92B90B67600A86BD3 /* FormulaOneDataModel.xcdatamodeld */ = {
			isa = XCVersionGroup;
			children = (
				0AD4D9FA2B90B67600A86BD3 /* FormulaOneDataModel.xcdatamodel */,
			);
			currentVersion = 0AD4D9FA2B90B67600A86BD3 /* FormulaOneDataModel.xcdatamodel */;
			path = FormulaOneDataModel.xcdatamodeld;
			sourceTree = "<group>";
			versionGroupType = wrapper.xcdatamodel;
		};
/* End XCVersionGroup section */
	};
	rootObject = 0A1723372B73D4A600A4CBD8 /* Project object */;
}
