// !$*UTF8*$!
{
	archiveVersion = 1;
	classes = {
	};
	objectVersion = 56;
	objects = {

/* Begin PBXBuildFile section */
		0A1723432B73D4A600A4CBD8 /* AppDelegate.swift in Sources */ = {isa = PBXBuildFile; fileRef = 0A1723422B73D4A600A4CBD8 /* AppDelegate.swift */; };
		0A1723452B73D4A600A4CBD8 /* SceneDelegate.swift in Sources */ = {isa = PBXBuildFile; fileRef = 0A1723442B73D4A600A4CBD8 /* SceneDelegate.swift */; };
		0A1723472B73D4A600A4CBD8 /* ViewController.swift in Sources */ = {isa = PBXBuildFile; fileRef = 0A1723462B73D4A600A4CBD8 /* ViewController.swift */; };
		0A17234A2B73D4A600A4CBD8 /* Main.storyboard in Resources */ = {isa = PBXBuildFile; fileRef = 0A1723482B73D4A600A4CBD8 /* Main.storyboard */; };
		0A17234C2B73D4A700A4CBD8 /* Assets.xcassets in Resources */ = {isa = PBXBuildFile; fileRef = 0A17234B2B73D4A700A4CBD8 /* Assets.xcassets */; };
		0A17234F2B73D4A700A4CBD8 /* LaunchScreen.storyboard in Resources */ = {isa = PBXBuildFile; fileRef = 0A17234D2B73D4A700A4CBD8 /* LaunchScreen.storyboard */; };
		0ABC83DB2B7E5E0C000A09EE /* DetailRaceViewController.swift in Sources */ = {isa = PBXBuildFile; fileRef = 0ABC83DA2B7E5E0C000A09EE /* DetailRaceViewController.swift */; };
		0ABC83F52B7EA9FD000A09EE /* baku.avif in Resources */ = {isa = PBXBuildFile; fileRef = 0ABC83DD2B7EA9FD000A09EE /* baku.avif */; };
		0ABC83F62B7EA9FD000A09EE /* miami.avif in Resources */ = {isa = PBXBuildFile; fileRef = 0ABC83DE2B7EA9FD000A09EE /* miami.avif */; };
		0ABC83F72B7EA9FD000A09EE /* monaco.avif in Resources */ = {isa = PBXBuildFile; fileRef = 0ABC83DF2B7EA9FD000A09EE /* monaco.avif */; };
		0ABC83F82B7EA9FD000A09EE /* interlagos.avif in Resources */ = {isa = PBXBuildFile; fileRef = 0ABC83E02B7EA9FD000A09EE /* interlagos.avif */; };
		0ABC83F92B7EA9FD000A09EE /* albert_park.avif in Resources */ = {isa = PBXBuildFile; fileRef = 0ABC83E12B7EA9FD000A09EE /* albert_park.avif */; };
		0ABC83FA2B7EA9FD000A09EE /* rodriguez.avif in Resources */ = {isa = PBXBuildFile; fileRef = 0ABC83E22B7EA9FD000A09EE /* rodriguez.avif */; };
		0ABC83FB2B7EA9FD000A09EE /* marina_bay.avif in Resources */ = {isa = PBXBuildFile; fileRef = 0ABC83E32B7EA9FD000A09EE /* marina_bay.avif */; };
		0ABC83FC2B7EA9FD000A09EE /* silverstone.avif in Resources */ = {isa = PBXBuildFile; fileRef = 0ABC83E42B7EA9FD000A09EE /* silverstone.avif */; };
		0ABC83FD2B7EA9FD000A09EE /* vegas.avif in Resources */ = {isa = PBXBuildFile; fileRef = 0ABC83E52B7EA9FD000A09EE /* vegas.avif */; };
		0ABC83FE2B7EA9FD000A09EE /* villeneuve.avif in Resources */ = {isa = PBXBuildFile; fileRef = 0ABC83E62B7EA9FD000A09EE /* villeneuve.avif */; };
		0ABC83FF2B7EA9FD000A09EE /* losail.avif in Resources */ = {isa = PBXBuildFile; fileRef = 0ABC83E72B7EA9FD000A09EE /* losail.avif */; };
		0ABC84002B7EA9FD000A09EE /* bahrain.avif in Resources */ = {isa = PBXBuildFile; fileRef = 0ABC83E82B7EA9FD000A09EE /* bahrain.avif */; };
		0ABC84012B7EA9FD000A09EE /* monza.avif in Resources */ = {isa = PBXBuildFile; fileRef = 0ABC83E92B7EA9FD000A09EE /* monza.avif */; };
		0ABC84022B7EA9FD000A09EE /* jeddah.avif in Resources */ = {isa = PBXBuildFile; fileRef = 0ABC83EA2B7EA9FD000A09EE /* jeddah.avif */; };
		0ABC84032B7EA9FD000A09EE /* catalunya.avif in Resources */ = {isa = PBXBuildFile; fileRef = 0ABC83EB2B7EA9FD000A09EE /* catalunya.avif */; };
		0ABC84042B7EA9FD000A09EE /* red_bull_ring.avif in Resources */ = {isa = PBXBuildFile; fileRef = 0ABC83EC2B7EA9FD000A09EE /* red_bull_ring.avif */; };
		0ABC84052B7EA9FD000A09EE /* zandvoort.avif in Resources */ = {isa = PBXBuildFile; fileRef = 0ABC83ED2B7EA9FD000A09EE /* zandvoort.avif */; };
		0ABC84062B7EA9FD000A09EE /* hungaroring.avif in Resources */ = {isa = PBXBuildFile; fileRef = 0ABC83EE2B7EA9FD000A09EE /* hungaroring.avif */; };
		0ABC84072B7EA9FD000A09EE /* americas.avif in Resources */ = {isa = PBXBuildFile; fileRef = 0ABC83EF2B7EA9FD000A09EE /* americas.avif */; };
		0ABC84082B7EA9FD000A09EE /* yas_marina.avif in Resources */ = {isa = PBXBuildFile; fileRef = 0ABC83F02B7EA9FD000A09EE /* yas_marina.avif */; };
		0ABC84092B7EA9FD000A09EE /* suzuka.avif in Resources */ = {isa = PBXBuildFile; fileRef = 0ABC83F12B7EA9FD000A09EE /* suzuka.avif */; };
		0ABC840A2B7EA9FD000A09EE /* spa.avif in Resources */ = {isa = PBXBuildFile; fileRef = 0ABC83F22B7EA9FD000A09EE /* spa.avif */; };
		0ABC840B2B7EA9FD000A09EE /* imola.avif in Resources */ = {isa = PBXBuildFile; fileRef = 0ABC83F32B7EA9FD000A09EE /* imola.avif */; };
		0ABC840C2B7EA9FD000A09EE /* shanghai.avif in Resources */ = {isa = PBXBuildFile; fileRef = 0ABC83F42B7EA9FD000A09EE /* shanghai.avif */; };
		672E2029175FE201DA045A51 /* Pods_formulaone.framework in Frameworks */ = {isa = PBXBuildFile; fileRef = 563F4186EC41F4A35549DB11 /* Pods_formulaone.framework */; };
/* End PBXBuildFile section */

/* Begin PBXFileReference section */
		0A17233F2B73D4A600A4CBD8 /* formulaone.app */ = {isa = PBXFileReference; explicitFileType = wrapper.application; includeInIndex = 0; path = formulaone.app; sourceTree = BUILT_PRODUCTS_DIR; };
		0A1723422B73D4A600A4CBD8 /* AppDelegate.swift */ = {isa = PBXFileReference; lastKnownFileType = sourcecode.swift; path = AppDelegate.swift; sourceTree = "<group>"; };
		0A1723442B73D4A600A4CBD8 /* SceneDelegate.swift */ = {isa = PBXFileReference; lastKnownFileType = sourcecode.swift; path = SceneDelegate.swift; sourceTree = "<group>"; };
		0A1723462B73D4A600A4CBD8 /* ViewController.swift */ = {isa = PBXFileReference; lastKnownFileType = sourcecode.swift; path = ViewController.swift; sourceTree = "<group>"; };
		0A1723492B73D4A600A4CBD8 /* Base */ = {isa = PBXFileReference; lastKnownFileType = file.storyboard; name = Base; path = Base.lproj/Main.storyboard; sourceTree = "<group>"; };
		0A17234B2B73D4A700A4CBD8 /* Assets.xcassets */ = {isa = PBXFileReference; lastKnownFileType = folder.assetcatalog; path = Assets.xcassets; sourceTree = "<group>"; };
		0A17234E2B73D4A700A4CBD8 /* Base */ = {isa = PBXFileReference; lastKnownFileType = file.storyboard; name = Base; path = Base.lproj/LaunchScreen.storyboard; sourceTree = "<group>"; };
		0A1723502B73D4A700A4CBD8 /* Info.plist */ = {isa = PBXFileReference; lastKnownFileType = text.plist.xml; path = Info.plist; sourceTree = "<group>"; };
		0ABC83DA2B7E5E0C000A09EE /* DetailRaceViewController.swift */ = {isa = PBXFileReference; lastKnownFileType = sourcecode.swift; path = DetailRaceViewController.swift; sourceTree = "<group>"; };
		0ABC83DD2B7EA9FD000A09EE /* baku.avif */ = {isa = PBXFileReference; lastKnownFileType = file; path = baku.avif; sourceTree = "<group>"; };
		0ABC83DE2B7EA9FD000A09EE /* miami.avif */ = {isa = PBXFileReference; lastKnownFileType = file; path = miami.avif; sourceTree = "<group>"; };
		0ABC83DF2B7EA9FD000A09EE /* monaco.avif */ = {isa = PBXFileReference; lastKnownFileType = file; path = monaco.avif; sourceTree = "<group>"; };
		0ABC83E02B7EA9FD000A09EE /* interlagos.avif */ = {isa = PBXFileReference; lastKnownFileType = file; path = interlagos.avif; sourceTree = "<group>"; };
		0ABC83E12B7EA9FD000A09EE /* albert_park.avif */ = {isa = PBXFileReference; lastKnownFileType = file; path = albert_park.avif; sourceTree = "<group>"; };
		0ABC83E22B7EA9FD000A09EE /* rodriguez.avif */ = {isa = PBXFileReference; lastKnownFileType = file; path = rodriguez.avif; sourceTree = "<group>"; };
		0ABC83E32B7EA9FD000A09EE /* marina_bay.avif */ = {isa = PBXFileReference; lastKnownFileType = file; path = marina_bay.avif; sourceTree = "<group>"; };
		0ABC83E42B7EA9FD000A09EE /* silverstone.avif */ = {isa = PBXFileReference; lastKnownFileType = file; path = silverstone.avif; sourceTree = "<group>"; };
		0ABC83E52B7EA9FD000A09EE /* vegas.avif */ = {isa = PBXFileReference; lastKnownFileType = file; path = vegas.avif; sourceTree = "<group>"; };
		0ABC83E62B7EA9FD000A09EE /* villeneuve.avif */ = {isa = PBXFileReference; lastKnownFileType = file; path = villeneuve.avif; sourceTree = "<group>"; };
		0ABC83E72B7EA9FD000A09EE /* losail.avif */ = {isa = PBXFileReference; lastKnownFileType = file; path = losail.avif; sourceTree = "<group>"; };
		0ABC83E82B7EA9FD000A09EE /* bahrain.avif */ = {isa = PBXFileReference; lastKnownFileType = file; path = bahrain.avif; sourceTree = "<group>"; };
		0ABC83E92B7EA9FD000A09EE /* monza.avif */ = {isa = PBXFileReference; lastKnownFileType = file; path = monza.avif; sourceTree = "<group>"; };
		0ABC83EA2B7EA9FD000A09EE /* jeddah.avif */ = {isa = PBXFileReference; lastKnownFileType = file; path = jeddah.avif; sourceTree = "<group>"; };
		0ABC83EB2B7EA9FD000A09EE /* catalunya.avif */ = {isa = PBXFileReference; lastKnownFileType = file; path = catalunya.avif; sourceTree = "<group>"; };
		0ABC83EC2B7EA9FD000A09EE /* red_bull_ring.avif */ = {isa = PBXFileReference; lastKnownFileType = file; path = red_bull_ring.avif; sourceTree = "<group>"; };
		0ABC83ED2B7EA9FD000A09EE /* zandvoort.avif */ = {isa = PBXFileReference; lastKnownFileType = file; path = zandvoort.avif; sourceTree = "<group>"; };
		0ABC83EE2B7EA9FD000A09EE /* hungaroring.avif */ = {isa = PBXFileReference; lastKnownFileType = file; path = hungaroring.avif; sourceTree = "<group>"; };
		0ABC83EF2B7EA9FD000A09EE /* americas.avif */ = {isa = PBXFileReference; lastKnownFileType = file; path = americas.avif; sourceTree = "<group>"; };
		0ABC83F02B7EA9FD000A09EE /* yas_marina.avif */ = {isa = PBXFileReference; lastKnownFileType = file; path = yas_marina.avif; sourceTree = "<group>"; };
		0ABC83F12B7EA9FD000A09EE /* suzuka.avif */ = {isa = PBXFileReference; lastKnownFileType = file; path = suzuka.avif; sourceTree = "<group>"; };
		0ABC83F22B7EA9FD000A09EE /* spa.avif */ = {isa = PBXFileReference; lastKnownFileType = file; path = spa.avif; sourceTree = "<group>"; };
		0ABC83F32B7EA9FD000A09EE /* imola.avif */ = {isa = PBXFileReference; lastKnownFileType = file; path = imola.avif; sourceTree = "<group>"; };
		0ABC83F42B7EA9FD000A09EE /* shanghai.avif */ = {isa = PBXFileReference; lastKnownFileType = file; path = shanghai.avif; sourceTree = "<group>"; };
		563F4186EC41F4A35549DB11 /* Pods_formulaone.framework */ = {isa = PBXFileReference; explicitFileType = wrapper.framework; includeInIndex = 0; path = Pods_formulaone.framework; sourceTree = BUILT_PRODUCTS_DIR; };
		B1F2150252526470892B7624 /* Pods-formulaone.debug.xcconfig */ = {isa = PBXFileReference; includeInIndex = 1; lastKnownFileType = text.xcconfig; name = "Pods-formulaone.debug.xcconfig"; path = "Target Support Files/Pods-formulaone/Pods-formulaone.debug.xcconfig"; sourceTree = "<group>"; };
		D1AF2AC784BF0FE357E374D4 /* Pods-formulaone.release.xcconfig */ = {isa = PBXFileReference; includeInIndex = 1; lastKnownFileType = text.xcconfig; name = "Pods-formulaone.release.xcconfig"; path = "Target Support Files/Pods-formulaone/Pods-formulaone.release.xcconfig"; sourceTree = "<group>"; };
/* End PBXFileReference section */

/* Begin PBXFrameworksBuildPhase section */
		0A17233C2B73D4A600A4CBD8 /* Frameworks */ = {
			isa = PBXFrameworksBuildPhase;
			buildActionMask = 2147483647;
			files = (
				672E2029175FE201DA045A51 /* Pods_formulaone.framework in Frameworks */,
			);
			runOnlyForDeploymentPostprocessing = 0;
		};
/* End PBXFrameworksBuildPhase section */

/* Begin PBXGroup section */
		0A1723362B73D4A600A4CBD8 = {
			isa = PBXGroup;
			children = (
				0A1723412B73D4A600A4CBD8 /* formulaone */,
				0A1723402B73D4A600A4CBD8 /* Products */,
				E5059982E991418449C55408 /* Pods */,
				71744C6D12EF9D7C9988CE98 /* Frameworks */,
			);
			sourceTree = "<group>";
		};
		0A1723402B73D4A600A4CBD8 /* Products */ = {
			isa = PBXGroup;
			children = (
				0A17233F2B73D4A600A4CBD8 /* formulaone.app */,
			);
			name = Products;
			sourceTree = "<group>";
		};
		0A1723412B73D4A600A4CBD8 /* formulaone */ = {
			isa = PBXGroup;
			children = (
				0A1723422B73D4A600A4CBD8 /* AppDelegate.swift */,
				0A1723442B73D4A600A4CBD8 /* SceneDelegate.swift */,
				0A1723462B73D4A600A4CBD8 /* ViewController.swift */,
				0ABC83DA2B7E5E0C000A09EE /* DetailRaceViewController.swift */,
				0A1723482B73D4A600A4CBD8 /* Main.storyboard */,
				0A17234B2B73D4A700A4CBD8 /* Assets.xcassets */,
				0A17234D2B73D4A700A4CBD8 /* LaunchScreen.storyboard */,
				0A1723502B73D4A700A4CBD8 /* Info.plist */,
				0ABC83DC2B7EA9FD000A09EE /* tracks */,
			);
			path = formulaone;
			sourceTree = "<group>";
		};
		0ABC83DC2B7EA9FD000A09EE /* tracks */ = {
			isa = PBXGroup;
			children = (
				0ABC83DD2B7EA9FD000A09EE /* baku.avif */,
				0ABC83DE2B7EA9FD000A09EE /* miami.avif */,
				0ABC83DF2B7EA9FD000A09EE /* monaco.avif */,
				0ABC83E02B7EA9FD000A09EE /* interlagos.avif */,
				0ABC83E12B7EA9FD000A09EE /* albert_park.avif */,
				0ABC83E22B7EA9FD000A09EE /* rodriguez.avif */,
				0ABC83E32B7EA9FD000A09EE /* marina_bay.avif */,
				0ABC83E42B7EA9FD000A09EE /* silverstone.avif */,
				0ABC83E52B7EA9FD000A09EE /* vegas.avif */,
				0ABC83E62B7EA9FD000A09EE /* villeneuve.avif */,
				0ABC83E72B7EA9FD000A09EE /* losail.avif */,
				0ABC83E82B7EA9FD000A09EE /* bahrain.avif */,
				0ABC83E92B7EA9FD000A09EE /* monza.avif */,
				0ABC83EA2B7EA9FD000A09EE /* jeddah.avif */,
				0ABC83EB2B7EA9FD000A09EE /* catalunya.avif */,
				0ABC83EC2B7EA9FD000A09EE /* red_bull_ring.avif */,
				0ABC83ED2B7EA9FD000A09EE /* zandvoort.avif */,
				0ABC83EE2B7EA9FD000A09EE /* hungaroring.avif */,
				0ABC83EF2B7EA9FD000A09EE /* americas.avif */,
				0ABC83F02B7EA9FD000A09EE /* yas_marina.avif */,
				0ABC83F12B7EA9FD000A09EE /* suzuka.avif */,
				0ABC83F22B7EA9FD000A09EE /* spa.avif */,
				0ABC83F32B7EA9FD000A09EE /* imola.avif */,
				0ABC83F42B7EA9FD000A09EE /* shanghai.avif */,
			);
			path = tracks;
			sourceTree = "<group>";
		};
		71744C6D12EF9D7C9988CE98 /* Frameworks */ = {
			isa = PBXGroup;
			children = (
				563F4186EC41F4A35549DB11 /* Pods_formulaone.framework */,
			);
			name = Frameworks;
			sourceTree = "<group>";
		};
		E5059982E991418449C55408 /* Pods */ = {
			isa = PBXGroup;
			children = (
				B1F2150252526470892B7624 /* Pods-formulaone.debug.xcconfig */,
				D1AF2AC784BF0FE357E374D4 /* Pods-formulaone.release.xcconfig */,
			);
			path = Pods;
			sourceTree = "<group>";
		};
/* End PBXGroup section */

/* Begin PBXNativeTarget section */
		0A17233E2B73D4A600A4CBD8 /* formulaone */ = {
			isa = PBXNativeTarget;
			buildConfigurationList = 0A1723532B73D4A700A4CBD8 /* Build configuration list for PBXNativeTarget "formulaone" */;
			buildPhases = (
				04A460CE7ACE95BAA2001A5B /* [CP] Check Pods Manifest.lock */,
				0A17233B2B73D4A600A4CBD8 /* Sources */,
				0A17233C2B73D4A600A4CBD8 /* Frameworks */,
				0A17233D2B73D4A600A4CBD8 /* Resources */,
				4A48D64C964EBF068A701376 /* [CP] Embed Pods Frameworks */,
			);
			buildRules = (
			);
			dependencies = (
			);
			name = formulaone;
			productName = formulaone;
			productReference = 0A17233F2B73D4A600A4CBD8 /* formulaone.app */;
			productType = "com.apple.product-type.application";
		};
/* End PBXNativeTarget section */

/* Begin PBXProject section */
		0A1723372B73D4A600A4CBD8 /* Project object */ = {
			isa = PBXProject;
			attributes = {
				BuildIndependentTargetsInParallel = 1;
				LastSwiftUpdateCheck = 1510;
				LastUpgradeCheck = 1510;
				TargetAttributes = {
					0A17233E2B73D4A600A4CBD8 = {
						CreatedOnToolsVersion = 15.1;
					};
				};
			};
			buildConfigurationList = 0A17233A2B73D4A600A4CBD8 /* Build configuration list for PBXProject "formulaone" */;
			compatibilityVersion = "Xcode 14.0";
			developmentRegion = en;
			hasScannedForEncodings = 0;
			knownRegions = (
				en,
				Base,
			);
			mainGroup = 0A1723362B73D4A600A4CBD8;
			productRefGroup = 0A1723402B73D4A600A4CBD8 /* Products */;
			projectDirPath = "";
			projectRoot = "";
			targets = (
				0A17233E2B73D4A600A4CBD8 /* formulaone */,
			);
		};
/* End PBXProject section */

/* Begin PBXResourcesBuildPhase section */
		0A17233D2B73D4A600A4CBD8 /* Resources */ = {
			isa = PBXResourcesBuildPhase;
			buildActionMask = 2147483647;
			files = (
				0ABC84032B7EA9FD000A09EE /* catalunya.avif in Resources */,
				0ABC84052B7EA9FD000A09EE /* zandvoort.avif in Resources */,
				0ABC83FD2B7EA9FD000A09EE /* vegas.avif in Resources */,
				0ABC840A2B7EA9FD000A09EE /* spa.avif in Resources */,
				0ABC840B2B7EA9FD000A09EE /* imola.avif in Resources */,
				0ABC83FB2B7EA9FD000A09EE /* marina_bay.avif in Resources */,
				0ABC84042B7EA9FD000A09EE /* red_bull_ring.avif in Resources */,
				0ABC83FC2B7EA9FD000A09EE /* silverstone.avif in Resources */,
				0ABC84072B7EA9FD000A09EE /* americas.avif in Resources */,
				0ABC84012B7EA9FD000A09EE /* monza.avif in Resources */,
				0ABC83F52B7EA9FD000A09EE /* baku.avif in Resources */,
				0ABC83FE2B7EA9FD000A09EE /* villeneuve.avif in Resources */,
				0ABC83F62B7EA9FD000A09EE /* miami.avif in Resources */,
				0ABC84022B7EA9FD000A09EE /* jeddah.avif in Resources */,
				0ABC84082B7EA9FD000A09EE /* yas_marina.avif in Resources */,
				0ABC84062B7EA9FD000A09EE /* hungaroring.avif in Resources */,
				0ABC84002B7EA9FD000A09EE /* bahrain.avif in Resources */,
				0ABC83F72B7EA9FD000A09EE /* monaco.avif in Resources */,
				0ABC83F92B7EA9FD000A09EE /* albert_park.avif in Resources */,
				0ABC840C2B7EA9FD000A09EE /* shanghai.avif in Resources */,
				0A17234F2B73D4A700A4CBD8 /* LaunchScreen.storyboard in Resources */,
				0ABC84092B7EA9FD000A09EE /* suzuka.avif in Resources */,
				0ABC83FF2B7EA9FD000A09EE /* losail.avif in Resources */,
				0A17234C2B73D4A700A4CBD8 /* Assets.xcassets in Resources */,
				0ABC83F82B7EA9FD000A09EE /* interlagos.avif in Resources */,
				0A17234A2B73D4A600A4CBD8 /* Main.storyboard in Resources */,
				0ABC83FA2B7EA9FD000A09EE /* rodriguez.avif in Resources */,
			);
			runOnlyForDeploymentPostprocessing = 0;
		};
/* End PBXResourcesBuildPhase section */

/* Begin PBXShellScriptBuildPhase section */
		04A460CE7ACE95BAA2001A5B /* [CP] Check Pods Manifest.lock */ = {
			isa = PBXShellScriptBuildPhase;
			buildActionMask = 2147483647;
			files = (
			);
			inputFileListPaths = (
			);
			inputPaths = (
				"${PODS_PODFILE_DIR_PATH}/Podfile.lock",
				"${PODS_ROOT}/Manifest.lock",
			);
			name = "[CP] Check Pods Manifest.lock";
			outputFileListPaths = (
			);
			outputPaths = (
				"$(DERIVED_FILE_DIR)/Pods-formulaone-checkManifestLockResult.txt",
			);
			runOnlyForDeploymentPostprocessing = 0;
			shellPath = /bin/sh;
			shellScript = "diff \"${PODS_PODFILE_DIR_PATH}/Podfile.lock\" \"${PODS_ROOT}/Manifest.lock\" > /dev/null\nif [ $? != 0 ] ; then\n    # print error to STDERR\n    echo \"error: The sandbox is not in sync with the Podfile.lock. Run 'pod install' or update your CocoaPods installation.\" >&2\n    exit 1\nfi\n# This output is used by Xcode 'outputs' to avoid re-running this script phase.\necho \"SUCCESS\" > \"${SCRIPT_OUTPUT_FILE_0}\"\n";
			showEnvVarsInLog = 0;
		};
		4A48D64C964EBF068A701376 /* [CP] Embed Pods Frameworks */ = {
			isa = PBXShellScriptBuildPhase;
			buildActionMask = 2147483647;
			files = (
			);
			inputFileListPaths = (
				"${PODS_ROOT}/Target Support Files/Pods-formulaone/Pods-formulaone-frameworks-${CONFIGURATION}-input-files.xcfilelist",
			);
			name = "[CP] Embed Pods Frameworks";
			outputFileListPaths = (
				"${PODS_ROOT}/Target Support Files/Pods-formulaone/Pods-formulaone-frameworks-${CONFIGURATION}-output-files.xcfilelist",
			);
			runOnlyForDeploymentPostprocessing = 0;
			shellPath = /bin/sh;
			shellScript = "\"${PODS_ROOT}/Target Support Files/Pods-formulaone/Pods-formulaone-frameworks.sh\"\n";
			showEnvVarsInLog = 0;
		};
/* End PBXShellScriptBuildPhase section */

/* Begin PBXSourcesBuildPhase section */
		0A17233B2B73D4A600A4CBD8 /* Sources */ = {
			isa = PBXSourcesBuildPhase;
			buildActionMask = 2147483647;
			files = (
				0A1723472B73D4A600A4CBD8 /* ViewController.swift in Sources */,
				0A1723432B73D4A600A4CBD8 /* AppDelegate.swift in Sources */,
				0ABC83DB2B7E5E0C000A09EE /* DetailRaceViewController.swift in Sources */,
				0A1723452B73D4A600A4CBD8 /* SceneDelegate.swift in Sources */,
			);
			runOnlyForDeploymentPostprocessing = 0;
		};
/* End PBXSourcesBuildPhase section */

/* Begin PBXVariantGroup section */
		0A1723482B73D4A600A4CBD8 /* Main.storyboard */ = {
			isa = PBXVariantGroup;
			children = (
				0A1723492B73D4A600A4CBD8 /* Base */,
			);
			name = Main.storyboard;
			sourceTree = "<group>";
		};
		0A17234D2B73D4A700A4CBD8 /* LaunchScreen.storyboard */ = {
			isa = PBXVariantGroup;
			children = (
				0A17234E2B73D4A700A4CBD8 /* Base */,
			);
			name = LaunchScreen.storyboard;
			sourceTree = "<group>";
		};
/* End PBXVariantGroup section */

/* Begin XCBuildConfiguration section */
		0A1723512B73D4A700A4CBD8 /* Debug */ = {
			isa = XCBuildConfiguration;
			buildSettings = {
				ALWAYS_SEARCH_USER_PATHS = NO;
				ASSETCATALOG_COMPILER_GENERATE_SWIFT_ASSET_SYMBOL_EXTENSIONS = YES;
				CLANG_ANALYZER_NONNULL = YES;
				CLANG_ANALYZER_NUMBER_OBJECT_CONVERSION = YES_AGGRESSIVE;
				CLANG_CXX_LANGUAGE_STANDARD = "gnu++20";
				CLANG_ENABLE_MODULES = YES;
				CLANG_ENABLE_OBJC_ARC = YES;
				CLANG_ENABLE_OBJC_WEAK = YES;
				CLANG_WARN_BLOCK_CAPTURE_AUTORELEASING = YES;
				CLANG_WARN_BOOL_CONVERSION = YES;
				CLANG_WARN_COMMA = YES;
				CLANG_WARN_CONSTANT_CONVERSION = YES;
				CLANG_WARN_DEPRECATED_OBJC_IMPLEMENTATIONS = YES;
				CLANG_WARN_DIRECT_OBJC_ISA_USAGE = YES_ERROR;
				CLANG_WARN_DOCUMENTATION_COMMENTS = YES;
				CLANG_WARN_EMPTY_BODY = YES;
				CLANG_WARN_ENUM_CONVERSION = YES;
				CLANG_WARN_INFINITE_RECURSION = YES;
				CLANG_WARN_INT_CONVERSION = YES;
				CLANG_WARN_NON_LITERAL_NULL_CONVERSION = YES;
				CLANG_WARN_OBJC_IMPLICIT_RETAIN_SELF = YES;
				CLANG_WARN_OBJC_LITERAL_CONVERSION = YES;
				CLANG_WARN_OBJC_ROOT_CLASS = YES_ERROR;
				CLANG_WARN_QUOTED_INCLUDE_IN_FRAMEWORK_HEADER = YES;
				CLANG_WARN_RANGE_LOOP_ANALYSIS = YES;
				CLANG_WARN_STRICT_PROTOTYPES = YES;
				CLANG_WARN_SUSPICIOUS_MOVE = YES;
				CLANG_WARN_UNGUARDED_AVAILABILITY = YES_AGGRESSIVE;
				CLANG_WARN_UNREACHABLE_CODE = YES;
				CLANG_WARN__DUPLICATE_METHOD_MATCH = YES;
				COPY_PHASE_STRIP = NO;
				DEBUG_INFORMATION_FORMAT = dwarf;
				ENABLE_STRICT_OBJC_MSGSEND = YES;
				ENABLE_TESTABILITY = YES;
				ENABLE_USER_SCRIPT_SANDBOXING = NO;
				GCC_C_LANGUAGE_STANDARD = gnu17;
				GCC_DYNAMIC_NO_PIC = NO;
				GCC_NO_COMMON_BLOCKS = YES;
				GCC_OPTIMIZATION_LEVEL = 0;
				GCC_PREPROCESSOR_DEFINITIONS = (
					"DEBUG=1",
					"$(inherited)",
				);
				GCC_WARN_64_TO_32_BIT_CONVERSION = YES;
				GCC_WARN_ABOUT_RETURN_TYPE = YES_ERROR;
				GCC_WARN_UNDECLARED_SELECTOR = YES;
				GCC_WARN_UNINITIALIZED_AUTOS = YES_AGGRESSIVE;
				GCC_WARN_UNUSED_FUNCTION = YES;
				GCC_WARN_UNUSED_VARIABLE = YES;
				IPHONEOS_DEPLOYMENT_TARGET = 17.2;
				LOCALIZATION_PREFERS_STRING_CATALOGS = YES;
				MTL_ENABLE_DEBUG_INFO = INCLUDE_SOURCE;
				MTL_FAST_MATH = YES;
				ONLY_ACTIVE_ARCH = YES;
				SDKROOT = iphoneos;
				SWIFT_ACTIVE_COMPILATION_CONDITIONS = "DEBUG $(inherited)";
				SWIFT_OPTIMIZATION_LEVEL = "-Onone";
			};
			name = Debug;
		};
		0A1723522B73D4A700A4CBD8 /* Release */ = {
			isa = XCBuildConfiguration;
			buildSettings = {
				ALWAYS_SEARCH_USER_PATHS = NO;
				ASSETCATALOG_COMPILER_GENERATE_SWIFT_ASSET_SYMBOL_EXTENSIONS = YES;
				CLANG_ANALYZER_NONNULL = YES;
				CLANG_ANALYZER_NUMBER_OBJECT_CONVERSION = YES_AGGRESSIVE;
				CLANG_CXX_LANGUAGE_STANDARD = "gnu++20";
				CLANG_ENABLE_MODULES = YES;
				CLANG_ENABLE_OBJC_ARC = YES;
				CLANG_ENABLE_OBJC_WEAK = YES;
				CLANG_WARN_BLOCK_CAPTURE_AUTORELEASING = YES;
				CLANG_WARN_BOOL_CONVERSION = YES;
				CLANG_WARN_COMMA = YES;
				CLANG_WARN_CONSTANT_CONVERSION = YES;
				CLANG_WARN_DEPRECATED_OBJC_IMPLEMENTATIONS = YES;
				CLANG_WARN_DIRECT_OBJC_ISA_USAGE = YES_ERROR;
				CLANG_WARN_DOCUMENTATION_COMMENTS = YES;
				CLANG_WARN_EMPTY_BODY = YES;
				CLANG_WARN_ENUM_CONVERSION = YES;
				CLANG_WARN_INFINITE_RECURSION = YES;
				CLANG_WARN_INT_CONVERSION = YES;
				CLANG_WARN_NON_LITERAL_NULL_CONVERSION = YES;
				CLANG_WARN_OBJC_IMPLICIT_RETAIN_SELF = YES;
				CLANG_WARN_OBJC_LITERAL_CONVERSION = YES;
				CLANG_WARN_OBJC_ROOT_CLASS = YES_ERROR;
				CLANG_WARN_QUOTED_INCLUDE_IN_FRAMEWORK_HEADER = YES;
				CLANG_WARN_RANGE_LOOP_ANALYSIS = YES;
				CLANG_WARN_STRICT_PROTOTYPES = YES;
				CLANG_WARN_SUSPICIOUS_MOVE = YES;
				CLANG_WARN_UNGUARDED_AVAILABILITY = YES_AGGRESSIVE;
				CLANG_WARN_UNREACHABLE_CODE = YES;
				CLANG_WARN__DUPLICATE_METHOD_MATCH = YES;
				COPY_PHASE_STRIP = NO;
				DEBUG_INFORMATION_FORMAT = "dwarf-with-dsym";
				ENABLE_NS_ASSERTIONS = NO;
				ENABLE_STRICT_OBJC_MSGSEND = YES;
				ENABLE_USER_SCRIPT_SANDBOXING = NO;
				GCC_C_LANGUAGE_STANDARD = gnu17;
				GCC_NO_COMMON_BLOCKS = YES;
				GCC_WARN_64_TO_32_BIT_CONVERSION = YES;
				GCC_WARN_ABOUT_RETURN_TYPE = YES_ERROR;
				GCC_WARN_UNDECLARED_SELECTOR = YES;
				GCC_WARN_UNINITIALIZED_AUTOS = YES_AGGRESSIVE;
				GCC_WARN_UNUSED_FUNCTION = YES;
				GCC_WARN_UNUSED_VARIABLE = YES;
				IPHONEOS_DEPLOYMENT_TARGET = 17.2;
				LOCALIZATION_PREFERS_STRING_CATALOGS = YES;
				MTL_ENABLE_DEBUG_INFO = NO;
				MTL_FAST_MATH = YES;
				SDKROOT = iphoneos;
				SWIFT_COMPILATION_MODE = wholemodule;
				VALIDATE_PRODUCT = YES;
			};
			name = Release;
		};
		0A1723542B73D4A700A4CBD8 /* Debug */ = {
			isa = XCBuildConfiguration;
			baseConfigurationReference = B1F2150252526470892B7624 /* Pods-formulaone.debug.xcconfig */;
			buildSettings = {
				ALWAYS_EMBED_SWIFT_STANDARD_LIBRARIES = NO;
				ASSETCATALOG_COMPILER_APPICON_NAME = AppIcon;
				ASSETCATALOG_COMPILER_GLOBAL_ACCENT_COLOR_NAME = AccentColor;
				CODE_SIGN_STYLE = Automatic;
				CURRENT_PROJECT_VERSION = 1;
				DEVELOPMENT_TEAM = GWS94KUX6W;
				GENERATE_INFOPLIST_FILE = YES;
				INFOPLIST_FILE = formulaone/Info.plist;
				INFOPLIST_KEY_CFBundleDisplayName = "Track Rush";
				INFOPLIST_KEY_UIApplicationSupportsIndirectInputEvents = YES;
				INFOPLIST_KEY_UILaunchStoryboardName = LaunchScreen;
				INFOPLIST_KEY_UIMainStoryboardFile = Main;
				INFOPLIST_KEY_UISupportedInterfaceOrientations_iPad = "UIInterfaceOrientationPortrait UIInterfaceOrientationPortraitUpsideDown UIInterfaceOrientationLandscapeLeft UIInterfaceOrientationLandscapeRight";
				INFOPLIST_KEY_UISupportedInterfaceOrientations_iPhone = "UIInterfaceOrientationPortrait UIInterfaceOrientationLandscapeLeft UIInterfaceOrientationLandscapeRight";
				LD_RUNPATH_SEARCH_PATHS = (
					"$(inherited)",
					"@executable_path/Frameworks",
				);
				MARKETING_VERSION = 1.0;
				PRODUCT_BUNDLE_IDENTIFIER = com.vincentverges.formulaone;
				PRODUCT_NAME = "$(TARGET_NAME)";
				SWIFT_EMIT_LOC_STRINGS = YES;
				SWIFT_VERSION = 5.0;
				TARGETED_DEVICE_FAMILY = "1,2";
			};
			name = Debug;
		};
		0A1723552B73D4A700A4CBD8 /* Release */ = {
			isa = XCBuildConfiguration;
			baseConfigurationReference = D1AF2AC784BF0FE357E374D4 /* Pods-formulaone.release.xcconfig */;
			buildSettings = {
				ALWAYS_EMBED_SWIFT_STANDARD_LIBRARIES = NO;
				ASSETCATALOG_COMPILER_APPICON_NAME = AppIcon;
				ASSETCATALOG_COMPILER_GLOBAL_ACCENT_COLOR_NAME = AccentColor;
				CODE_SIGN_STYLE = Automatic;
				CURRENT_PROJECT_VERSION = 1;
				DEVELOPMENT_TEAM = GWS94KUX6W;
				GENERATE_INFOPLIST_FILE = YES;
				INFOPLIST_FILE = formulaone/Info.plist;
				INFOPLIST_KEY_CFBundleDisplayName = "Track Rush";
				INFOPLIST_KEY_UIApplicationSupportsIndirectInputEvents = YES;
				INFOPLIST_KEY_UILaunchStoryboardName = LaunchScreen;
				INFOPLIST_KEY_UIMainStoryboardFile = Main;
				INFOPLIST_KEY_UISupportedInterfaceOrientations_iPad = "UIInterfaceOrientationPortrait UIInterfaceOrientationPortraitUpsideDown UIInterfaceOrientationLandscapeLeft UIInterfaceOrientationLandscapeRight";
				INFOPLIST_KEY_UISupportedInterfaceOrientations_iPhone = "UIInterfaceOrientationPortrait UIInterfaceOrientationLandscapeLeft UIInterfaceOrientationLandscapeRight";
				LD_RUNPATH_SEARCH_PATHS = (
					"$(inherited)",
					"@executable_path/Frameworks",
				);
				MARKETING_VERSION = 1.0;
				PRODUCT_BUNDLE_IDENTIFIER = com.vincentverges.formulaone;
				PRODUCT_NAME = "$(TARGET_NAME)";
				SWIFT_EMIT_LOC_STRINGS = YES;
				SWIFT_VERSION = 5.0;
				TARGETED_DEVICE_FAMILY = "1,2";
			};
			name = Release;
		};
/* End XCBuildConfiguration section */

/* Begin XCConfigurationList section */
		0A17233A2B73D4A600A4CBD8 /* Build configuration list for PBXProject "formulaone" */ = {
			isa = XCConfigurationList;
			buildConfigurations = (
				0A1723512B73D4A700A4CBD8 /* Debug */,
				0A1723522B73D4A700A4CBD8 /* Release */,
			);
			defaultConfigurationIsVisible = 0;
			defaultConfigurationName = Release;
		};
		0A1723532B73D4A700A4CBD8 /* Build configuration list for PBXNativeTarget "formulaone" */ = {
			isa = XCConfigurationList;
			buildConfigurations = (
				0A1723542B73D4A700A4CBD8 /* Debug */,
				0A1723552B73D4A700A4CBD8 /* Release */,
			);
			defaultConfigurationIsVisible = 0;
			defaultConfigurationName = Release;
		};
/* End XCConfigurationList section */
	};
	rootObject = 0A1723372B73D4A600A4CBD8 /* Project object */;
}
